
Microsoft Visual Studio Solution File, Format Version 12.00
# Visual Studio Version 17
VisualStudioVersion = 17.5.33530.505
MinimumVisualStudioVersion = 10.0.40219.1
Project("{FAE04EC0-301F-11D3-BF4B-00C04F79EFBC}") = "CoreDemo", "CoreDemo\CoreDemo.csproj", "{F7BB181F-5FE4-430E-84BE-A38AD832F6EB}"
EndProject
Project("{FAE04EC0-301F-11D3-BF4B-00C04F79EFBC}") = "CoreDemo.EntityLayer", "CoreDemo.EntityLayer\CoreDemo.EntityLayer.csproj", "{725E66F1-DE3F-404E-92A8-80BEF96E2BE1}"
EndProject
Project("{FAE04EC0-301F-11D3-BF4B-00C04F79EFBC}") = "CoreDemo.BusinessLayer", "CoreDemo.BusinessLayer\CoreDemo.BusinessLayer.csproj", "{1546869B-934D-4E91-B644-ED84A0DB3FB6}"
EndProject
Project("{FAE04EC0-301F-11D3-BF4B-00C04F79EFBC}") = "CoreDemo.CoreLayer", "CoreDemo.CoreLayer\CoreDemo.CoreLayer.csproj", "{0A87A142-5618-464B-A1B3-28B7F9EE0571}"
EndProject
Project("{FAE04EC0-301F-11D3-BF4B-00C04F79EFBC}") = "CoreDemo.DataAccessLayer", "CoreDemo.DataAccessLayer\CoreDemo.DataAccessLayer.csproj", "{FD2E6FB6-2A69-4412-B488-8017FF2635EB}"
EndProject
Global
	GlobalSection(SolutionConfigurationPlatforms) = preSolution
		Debug|Any CPU = Debug|Any CPU
		Release|Any CPU = Release|Any CPU
	EndGlobalSection
	GlobalSection(ProjectConfigurationPlatforms) = postSolution
		{F7BB181F-5FE4-430E-84BE-A38AD832F6EB}.Debug|Any CPU.ActiveCfg = Debug|Any CPU
		{F7BB181F-5FE4-430E-84BE-A38AD832F6EB}.Debug|Any CPU.Build.0 = Debug|Any CPU
		{F7BB181F-5FE4-430E-84BE-A38AD832F6EB}.Release|Any CPU.ActiveCfg = Release|Any CPU
		{F7BB181F-5FE4-430E-84BE-A38AD832F6EB}.Release|Any CPU.Build.0 = Release|Any CPU
		{725E66F1-DE3F-404E-92A8-80BEF96E2BE1}.Debug|Any CPU.ActiveCfg = Debug|Any CPU
		{725E66F1-DE3F-404E-92A8-80BEF96E2BE1}.Debug|Any CPU.Build.0 = Debug|Any CPU
		{725E66F1-DE3F-404E-92A8-80BEF96E2BE1}.Release|Any CPU.ActiveCfg = Release|Any CPU
		{725E66F1-DE3F-404E-92A8-80BEF96E2BE1}.Release|Any CPU.Build.0 = Release|Any CPU
		{1546869B-934D-4E91-B644-ED84A0DB3FB6}.Debug|Any CPU.ActiveCfg = Debug|Any CPU
		{1546869B-934D-4E91-B644-ED84A0DB3FB6}.Debug|Any CPU.Build.0 = Debug|Any CPU
		{1546869B-934D-4E91-B644-ED84A0DB3FB6}.Release|Any CPU.ActiveCfg = Release|Any CPU
		{1546869B-934D-4E91-B644-ED84A0DB3FB6}.Release|Any CPU.Build.0 = Release|Any CPU
		{0A87A142-5618-464B-A1B3-28B7F9EE0571}.Debug|Any CPU.ActiveCfg = Debug|Any CPU
		{0A87A142-5618-464B-A1B3-28B7F9EE0571}.Debug|Any CPU.Build.0 = Debug|Any CPU
		{0A87A142-5618-464B-A1B3-28B7F9EE0571}.Release|Any CPU.ActiveCfg = Release|Any CPU
		{0A87A142-5618-464B-A1B3-28B7F9EE0571}.Release|Any CPU.Build.0 = Release|Any CPU
		{FD2E6FB6-2A69-4412-B488-8017FF2635EB}.Debug|Any CPU.ActiveCfg = Debug|Any CPU
		{FD2E6FB6-2A69-4412-B488-8017FF2635EB}.Debug|Any CPU.Build.0 = Debug|Any CPU
		{FD2E6FB6-2A69-4412-B488-8017FF2635EB}.Release|Any CPU.ActiveCfg = Release|Any CPU
		{FD2E6FB6-2A69-4412-B488-8017FF2635EB}.Release|Any CPU.Build.0 = Release|Any CPU
	EndGlobalSection
	GlobalSection(SolutionProperties) = preSolution
		HideSolutionNode = FALSE
	EndGlobalSection
	GlobalSection(ExtensibilityGlobals) = postSolution
		SolutionGuid = {78DFE70C-881F-4A80-A662-0B2C2BD99738}
	EndGlobalSection
EndGlobal
